
Microsoft Visual Studio Solution File, Format Version 12.00
# Visual Studio Version 17
VisualStudioVersion = 17.11.35303.130
MinimumVisualStudioVersion = 10.0.40219.1
Project("{FAE04EC0-301F-11D3-BF4B-00C04F79EFBC}") = "FlightBooking.Console", "FlightBookingConsole\FlightBooking.Console.csproj", "{EA075571-C5B7-4C0E-B0AC-7CCCBD1B2552}"
EndProject
Project("{FAE04EC0-301F-11D3-BF4B-00C04F79EFBC}") = "FlightBooking.Core", "FlightBooking.Core\FlightBooking.Core.csproj", "{22F6B34B-9154-4944-B1FD-D5564E250AE9}"
EndProject
Project("{FAE04EC0-301F-11D3-BF4B-00C04F79EFBC}") = "FlightBooking.Test", "FlightBooking.Test\FlightBooking.Test.csproj", "{15B63D90-E60A-4447-8BE1-BEA7C90E41CB}"
EndProject
Global
	GlobalSection(SolutionConfigurationPlatforms) = preSolution
		Debug|Any CPU = Debug|Any CPU
		Release|Any CPU = Release|Any CPU
	EndGlobalSection
	GlobalSection(ProjectConfigurationPlatforms) = postSolution
		{EA075571-C5B7-4C0E-B0AC-7CCCBD1B2552}.Debug|Any CPU.ActiveCfg = Debug|Any CPU
		{EA075571-C5B7-4C0E-B0AC-7CCCBD1B2552}.Debug|Any CPU.Build.0 = Debug|Any CPU
		{EA075571-C5B7-4C0E-B0AC-7CCCBD1B2552}.Release|Any CPU.ActiveCfg = Release|Any CPU
		{EA075571-C5B7-4C0E-B0AC-7CCCBD1B2552}.Release|Any CPU.Build.0 = Release|Any CPU
		{22F6B34B-9154-4944-B1FD-D5564E250AE9}.Debug|Any CPU.ActiveCfg = Debug|Any CPU
		{22F6B34B-9154-4944-B1FD-D5564E250AE9}.Debug|Any CPU.Build.0 = Debug|Any CPU
		{22F6B34B-9154-4944-B1FD-D5564E250AE9}.Release|Any CPU.ActiveCfg = Release|Any CPU
		{22F6B34B-9154-4944-B1FD-D5564E250AE9}.Release|Any CPU.Build.0 = Release|Any CPU
		{15B63D90-E60A-4447-8BE1-BEA7C90E41CB}.Debug|Any CPU.ActiveCfg = Debug|Any CPU
		{15B63D90-E60A-4447-8BE1-BEA7C90E41CB}.Debug|Any CPU.Build.0 = Debug|Any CPU
		{15B63D90-E60A-4447-8BE1-BEA7C90E41CB}.Release|Any CPU.ActiveCfg = Release|Any CPU
		{15B63D90-E60A-4447-8BE1-BEA7C90E41CB}.Release|Any CPU.Build.0 = Release|Any CPU
	EndGlobalSection
	GlobalSection(SolutionProperties) = preSolution
		HideSolutionNode = FALSE
	EndGlobalSection
	GlobalSection(ExtensibilityGlobals) = postSolution
		SolutionGuid = {920DA58C-D8D3-4BA9-B285-DE172039079C}
	EndGlobalSection
EndGlobal
